
Microsoft Visual Studio Solution File, Format Version 12.00
# Visual Studio Version 16
VisualStudioVersion = 16.0.29806.167
MinimumVisualStudioVersion = 10.0.40219.1
Project("{8BC9CEB8-8B4A-11D0-8D11-00A0C91BC942}") = "RSA", "RSA.vcxproj", "{FBE188CD-5A6B-49F7-BD3E-64CB31368DBE}"
EndProject
Global
	GlobalSection(SolutionConfigurationPlatforms) = preSolution
		Debug|x64 = Debug|x64
		Debug|x86 = Debug|x86
		Release|x64 = Release|x64
		Release|x86 = Release|x86
		UnitTests|x64 = UnitTests|x64
		UnitTests|x86 = UnitTests|x86
	EndGlobalSection
	GlobalSection(ProjectConfigurationPlatforms) = postSolution
		{FBE188CD-5A6B-49F7-BD3E-64CB31368DBE}.Debug|x64.ActiveCfg = Debug|x64
		{FBE188CD-5A6B-49F7-BD3E-64CB31368DBE}.Debug|x64.Build.0 = Debug|x64
		{FBE188CD-5A6B-49F7-BD3E-64CB31368DBE}.Debug|x86.ActiveCfg = Debug|Win32
		{FBE188CD-5A6B-49F7-BD3E-64CB31368DBE}.Debug|x86.Build.0 = Debug|Win32
		{FBE188CD-5A6B-49F7-BD3E-64CB31368DBE}.Release|x64.ActiveCfg = Release|x64
		{FBE188CD-5A6B-49F7-BD3E-64CB31368DBE}.Release|x64.Build.0 = Release|x64
		{FBE188CD-5A6B-49F7-BD3E-64CB31368DBE}.Release|x86.ActiveCfg = Release|Win32
		{FBE188CD-5A6B-49F7-BD3E-64CB31368DBE}.Release|x86.Build.0 = Release|Win32
		{FBE188CD-5A6B-49F7-BD3E-64CB31368DBE}.UnitTests|x64.ActiveCfg = UnitTests|x64
		{FBE188CD-5A6B-49F7-BD3E-64CB31368DBE}.UnitTests|x64.Build.0 = UnitTests|x64
		{FBE188CD-5A6B-49F7-BD3E-64CB31368DBE}.UnitTests|x86.ActiveCfg = UnitTests|Win32
		{FBE188CD-5A6B-49F7-BD3E-64CB31368DBE}.UnitTests|x86.Build.0 = UnitTests|Win32
	EndGlobalSection
	GlobalSection(SolutionProperties) = preSolution
		HideSolutionNode = FALSE
	EndGlobalSection
	GlobalSection(ExtensibilityGlobals) = postSolution
		SolutionGuid = {566E3C23-B726-46F7-A8FD-822710EFEBE1}
	EndGlobalSection
EndGlobal
